
Microsoft Visual Studio Solution File, Format Version 12.00
# Visual Studio Version 16
VisualStudioVersion = 16.0.31112.23
MinimumVisualStudioVersion = 10.0.40219.1
Project("{FAE04EC0-301F-11D3-BF4B-00C04F79EFBC}") = "CityBuildingGame.Library", "CityBuildingGame\CityBuildingGame.Library.csproj", "{2F838781-73A8-432F-BF99-D7C0C6CCEB3E}"
EndProject
Global
	GlobalSection(SolutionConfigurationPlatforms) = preSolution
		Debug|Any CPU = Debug|Any CPU
		Release|Any CPU = Release|Any CPU
	EndGlobalSection
	GlobalSection(ProjectConfigurationPlatforms) = postSolution
		{2F838781-73A8-432F-BF99-D7C0C6CCEB3E}.Debug|Any CPU.ActiveCfg = Debug|Any CPU
		{2F838781-73A8-432F-BF99-D7C0C6CCEB3E}.Debug|Any CPU.Build.0 = Debug|Any CPU
		{2F838781-73A8-432F-BF99-D7C0C6CCEB3E}.Release|Any CPU.ActiveCfg = Release|Any CPU
		{2F838781-73A8-432F-BF99-D7C0C6CCEB3E}.Release|Any CPU.Build.0 = Release|Any CPU
	EndGlobalSection
	GlobalSection(SolutionProperties) = preSolution
		HideSolutionNode = FALSE
	EndGlobalSection
	GlobalSection(ExtensibilityGlobals) = postSolution
		SolutionGuid = {F5E24185-F291-4009-99A4-43CD23CE07AC}
	EndGlobalSection
EndGlobal
